// !$*UTF8*$!
{
	archiveVersion = 1;
	classes = {
	};
	objectVersion = 54;
	objects = {

/* Begin PBXBuildFile section */
		00E356F31AD99517003FC87E /* taxiappTests.m in Sources */ = {isa = PBXBuildFile; fileRef = 00E356F21AD99517003FC87E /* taxiappTests.m */; };
		13B07FBC1A68108700A75B9A /* AppDelegate.m in Sources */ = {isa = PBXBuildFile; fileRef = 13B07FB01A68108700A75B9A /* AppDelegate.m */; };
		13B07FBF1A68108700A75B9A /* Images.xcassets in Resources */ = {isa = PBXBuildFile; fileRef = 13B07FB51A68108700A75B9A /* Images.xcassets */; };
		13B07FC11A68108700A75B9A /* main.m in Sources */ = {isa = PBXBuildFile; fileRef = 13B07FB71A68108700A75B9A /* main.m */; };
		81AB9BB82411601600AC10FF /* LaunchScreen.storyboard in Resources */ = {isa = PBXBuildFile; fileRef = 81AB9BB72411601600AC10FF /* LaunchScreen.storyboard */; };
		2395A5DBF3A3460AA729DA73 /* Roboto-Black.ttf in Resources */ = {isa = PBXBuildFile; fileRef = 4B61510DDEDF448D92A6FFEC /* Roboto-Black.ttf */; };
		52B55F117C834D258214E5A0 /* Roboto-BlackItalic.ttf in Resources */ = {isa = PBXBuildFile; fileRef = B7538A026D0946C5A08B2176 /* Roboto-BlackItalic.ttf */; };
		E5B7C788FA8945C7A8290B67 /* Roboto-Bold.ttf in Resources */ = {isa = PBXBuildFile; fileRef = CBF795E4A54846B0968AD366 /* Roboto-Bold.ttf */; };
		CBDF99F9E80A4CE28C6EF241 /* Roboto-BoldItalic.ttf in Resources */ = {isa = PBXBuildFile; fileRef = 41DBF02B512947199F7CAE49 /* Roboto-BoldItalic.ttf */; };
		F0360CFA426C459BB7378431 /* Roboto-Italic.ttf in Resources */ = {isa = PBXBuildFile; fileRef = 5D9FECCA422D4E87AB92579A /* Roboto-Italic.ttf */; };
		8448D3247CB843429517665B /* Roboto-Light.ttf in Resources */ = {isa = PBXBuildFile; fileRef = C56A2F06E2C14FF3825B2664 /* Roboto-Light.ttf */; };
		D991EDDB4C224B969FBF2FE0 /* Roboto-LightItalic.ttf in Resources */ = {isa = PBXBuildFile; fileRef = A158A1FC6D834010905B717B /* Roboto-LightItalic.ttf */; };
		8B7FC38806714DFA9CECAA71 /* Roboto-Medium.ttf in Resources */ = {isa = PBXBuildFile; fileRef = 628F6A346087474B93DCEECB /* Roboto-Medium.ttf */; };
		EBAF62AA21D6433CABB6F5DE /* Roboto-MediumItalic.ttf in Resources */ = {isa = PBXBuildFile; fileRef = 680C0D64759C40E7AD3CB209 /* Roboto-MediumItalic.ttf */; };
		D1CB61CF6EFE43D8968F39D1 /* Roboto-Regular.ttf in Resources */ = {isa = PBXBuildFile; fileRef = E7F2B24C062E401493164B4B /* Roboto-Regular.ttf */; };
		29B053D5B4194363853E8ACA /* Roboto-Thin.ttf in Resources */ = {isa = PBXBuildFile; fileRef = FFCF600575B647C7B80150C4 /* Roboto-Thin.ttf */; };
		3667FE28EACC476B8208E7BA /* Roboto-ThinItalic.ttf in Resources */ = {isa = PBXBuildFile; fileRef = F441A13C94804F70B71213EF /* Roboto-ThinItalic.ttf */; };
		E2A893EFD1E14AC4A7B313C2 /* RobotoCondensed-Bold.ttf in Resources */ = {isa = PBXBuildFile; fileRef = E4E627622F294F14B7373569 /* RobotoCondensed-Bold.ttf */; };
		73A6FFE85F1E44EDA1BDFD32 /* RobotoCondensed-BoldItalic.ttf in Resources */ = {isa = PBXBuildFile; fileRef = 72EDE4AAADC643B0B1C59CAC /* RobotoCondensed-BoldItalic.ttf */; };
		91D3D95CB9B94404B3305BC1 /* RobotoCondensed-Italic.ttf in Resources */ = {isa = PBXBuildFile; fileRef = 3DC1B19801344D4B8891485C /* RobotoCondensed-Italic.ttf */; };
		0D92EC48474B44E6875A131F /* RobotoCondensed-Light.ttf in Resources */ = {isa = PBXBuildFile; fileRef = 31F881D5C54F42CF9E2E428A /* RobotoCondensed-Light.ttf */; };
		3FFBF4D7437549ABB61F5D32 /* RobotoCondensed-LightItalic.ttf in Resources */ = {isa = PBXBuildFile; fileRef = 6D3749DD3753425BA48293B3 /* RobotoCondensed-LightItalic.ttf */; };
		7EED591E93084C4D9D27408F /* RobotoCondensed-Regular.ttf in Resources */ = {isa = PBXBuildFile; fileRef = 1BE0017629294047A033320D /* RobotoCondensed-Regular.ttf */; };
		375E0DC1394D4A44AB2AB2D3 /* SFProDisplay-Regular.ttf in Resources */ = {isa = PBXBuildFile; fileRef = C9C93398CF164911AE79B506 /* SFProDisplay-Regular.ttf */; };
		F0EDD2039C604E1EBC5DFBC6 /* AntDesign.ttf in Resources */ = {isa = PBXBuildFile; fileRef = DDFA401942C4415A813E3C2C /* AntDesign.ttf */; };
		F54D41CAC3134D93ADA02AB7 /* Entypo.ttf in Resources */ = {isa = PBXBuildFile; fileRef = 7B5773F321F5451986475994 /* Entypo.ttf */; };
		A232749B097043EF8C6BAEAA /* EvilIcons.ttf in Resources */ = {isa = PBXBuildFile; fileRef = 422DC9EE20874AF4B0FB04EE /* EvilIcons.ttf */; };
		0D732EFE17E546D89B543344 /* Feather.ttf in Resources */ = {isa = PBXBuildFile; fileRef = 32DCAD0C57504FBDBF297ABD /* Feather.ttf */; };
		A6AA98AE5B77431F8FDAAFB1 /* FontAwesome.ttf in Resources */ = {isa = PBXBuildFile; fileRef = 4A11186439E54280BEF2127D /* FontAwesome.ttf */; };
		181DC50A93F94766A5DD699E /* FontAwesome5_Brands.ttf in Resources */ = {isa = PBXBuildFile; fileRef = 4AA4030358FC49519D925B9A /* FontAwesome5_Brands.ttf */; };
		E9DB16109508447CA8E5E79C /* FontAwesome5_Regular.ttf in Resources */ = {isa = PBXBuildFile; fileRef = 0165210FA98144268864445D /* FontAwesome5_Regular.ttf */; };
		F3E9E6B7ABE64A46934E6EED /* FontAwesome5_Solid.ttf in Resources */ = {isa = PBXBuildFile; fileRef = 9B4304AEEB404AA4A5D385CF /* FontAwesome5_Solid.ttf */; };
		92179B4B182F4B779CDFBB83 /* Fontisto.ttf in Resources */ = {isa = PBXBuildFile; fileRef = 35F89B5AC70341F3B93792C4 /* Fontisto.ttf */; };
		BED63607488B4C3881850DE3 /* Foundation.ttf in Resources */ = {isa = PBXBuildFile; fileRef = EC1300139A7D4F6AA79868A4 /* Foundation.ttf */; };
		70941F4E0A2646DAB08F3C43 /* Ionicons.ttf in Resources */ = {isa = PBXBuildFile; fileRef = C6E26A2E96D44303B4769911 /* Ionicons.ttf */; };
		D328203B3F9D40A69988DB81 /* MaterialCommunityIcons.ttf in Resources */ = {isa = PBXBuildFile; fileRef = 73B4819C68EB472CA31A3EE4 /* MaterialCommunityIcons.ttf */; };
		81091ACD279441B3BBD7B5C8 /* MaterialIcons.ttf in Resources */ = {isa = PBXBuildFile; fileRef = 5FCF32DD6F4D4A079D0559FB /* MaterialIcons.ttf */; };
		56D26DF53CE74A98B4CB61B5 /* Octicons.ttf in Resources */ = {isa = PBXBuildFile; fileRef = 21C9348ED109463BA2C77CF0 /* Octicons.ttf */; };
		FA80AADA2CE1433697351359 /* SimpleLineIcons.ttf in Resources */ = {isa = PBXBuildFile; fileRef = 3E832710070F4D14AC9C10A4 /* SimpleLineIcons.ttf */; };
		85AC7E094F4341F2803EF430 /* Zocial.ttf in Resources */ = {isa = PBXBuildFile; fileRef = DDB0CBBF41D446FE9139FC91 /* Zocial.ttf */; };
		5913D87144414205B0C7828A /* test.otf in Resources */ = {isa = PBXBuildFile; fileRef = 767EFB5733704B42BB264BF1 /* test.otf */; };
		FD48382BD31149B6873D895C /* testBold.otf in Resources */ = {isa = PBXBuildFile; fileRef = 68DED03290CA4E1C9B6DF543 /* testBold.otf */; };
/* End PBXBuildFile section */

/* Begin PBXContainerItemProxy section */
		00E356F41AD99517003FC87E /* PBXContainerItemProxy */ = {
			isa = PBXContainerItemProxy;
			containerPortal = 83CBB9F71A601CBA00E9B192 /* Project object */;
			proxyType = 1;
			remoteGlobalIDString = 13B07F861A680F5B00A75B9A;
			remoteInfo = taxiapp;
		};
/* End PBXContainerItemProxy section */

/* Begin PBXFileReference section */
		00E356EE1AD99517003FC87E /* taxiappTests.xctest */ = {isa = PBXFileReference; explicitFileType = wrapper.cfbundle; includeInIndex = 0; path = taxiappTests.xctest; sourceTree = BUILT_PRODUCTS_DIR; };
		00E356F11AD99517003FC87E /* Info.plist */ = {isa = PBXFileReference; lastKnownFileType = text.plist.xml; path = Info.plist; sourceTree = "<group>"; };
		00E356F21AD99517003FC87E /* taxiappTests.m */ = {isa = PBXFileReference; lastKnownFileType = sourcecode.c.objc; path = taxiappTests.m; sourceTree = "<group>"; };
		13B07F961A680F5B00A75B9A /* taxiapp.app */ = {isa = PBXFileReference; explicitFileType = wrapper.application; includeInIndex = 0; path = taxiapp.app; sourceTree = BUILT_PRODUCTS_DIR; };
		13B07FAF1A68108700A75B9A /* AppDelegate.h */ = {isa = PBXFileReference; fileEncoding = 4; lastKnownFileType = sourcecode.c.h; name = AppDelegate.h; path = taxiapp/AppDelegate.h; sourceTree = "<group>"; };
		13B07FB01A68108700A75B9A /* AppDelegate.m */ = {isa = PBXFileReference; fileEncoding = 4; lastKnownFileType = sourcecode.c.objc; name = AppDelegate.m; path = taxiapp/AppDelegate.m; sourceTree = "<group>"; };
		13B07FB51A68108700A75B9A /* Images.xcassets */ = {isa = PBXFileReference; lastKnownFileType = folder.assetcatalog; name = Images.xcassets; path = taxiapp/Images.xcassets; sourceTree = "<group>"; };
		13B07FB61A68108700A75B9A /* Info.plist */ = {isa = PBXFileReference; fileEncoding = 4; lastKnownFileType = text.plist.xml; name = Info.plist; path = taxiapp/Info.plist; sourceTree = "<group>"; };
		13B07FB71A68108700A75B9A /* main.m */ = {isa = PBXFileReference; fileEncoding = 4; lastKnownFileType = sourcecode.c.objc; name = main.m; path = taxiapp/main.m; sourceTree = "<group>"; };
		81AB9BB72411601600AC10FF /* LaunchScreen.storyboard */ = {isa = PBXFileReference; fileEncoding = 4; lastKnownFileType = file.storyboard; name = LaunchScreen.storyboard; path = taxiapp/LaunchScreen.storyboard; sourceTree = "<group>"; };
		ED297162215061F000B7C4FE /* JavaScriptCore.framework */ = {isa = PBXFileReference; lastKnownFileType = wrapper.framework; name = JavaScriptCore.framework; path = System/Library/Frameworks/JavaScriptCore.framework; sourceTree = SDKROOT; };
		4B61510DDEDF448D92A6FFEC /* Roboto-Black.ttf */ = {isa = PBXFileReference; name = "Roboto-Black.ttf"; path = "../assets/fonts/Roboto-Black.ttf"; sourceTree = "<group>"; fileEncoding = undefined; lastKnownFileType = unknown; explicitFileType = undefined; includeInIndex = 0; };
		B7538A026D0946C5A08B2176 /* Roboto-BlackItalic.ttf */ = {isa = PBXFileReference; name = "Roboto-BlackItalic.ttf"; path = "../assets/fonts/Roboto-BlackItalic.ttf"; sourceTree = "<group>"; fileEncoding = undefined; lastKnownFileType = unknown; explicitFileType = undefined; includeInIndex = 0; };
		CBF795E4A54846B0968AD366 /* Roboto-Bold.ttf */ = {isa = PBXFileReference; name = "Roboto-Bold.ttf"; path = "../assets/fonts/Roboto-Bold.ttf"; sourceTree = "<group>"; fileEncoding = undefined; lastKnownFileType = unknown; explicitFileType = undefined; includeInIndex = 0; };
		41DBF02B512947199F7CAE49 /* Roboto-BoldItalic.ttf */ = {isa = PBXFileReference; name = "Roboto-BoldItalic.ttf"; path = "../assets/fonts/Roboto-BoldItalic.ttf"; sourceTree = "<group>"; fileEncoding = undefined; lastKnownFileType = unknown; explicitFileType = undefined; includeInIndex = 0; };
		5D9FECCA422D4E87AB92579A /* Roboto-Italic.ttf */ = {isa = PBXFileReference; name = "Roboto-Italic.ttf"; path = "../assets/fonts/Roboto-Italic.ttf"; sourceTree = "<group>"; fileEncoding = undefined; lastKnownFileType = unknown; explicitFileType = undefined; includeInIndex = 0; };
		C56A2F06E2C14FF3825B2664 /* Roboto-Light.ttf */ = {isa = PBXFileReference; name = "Roboto-Light.ttf"; path = "../assets/fonts/Roboto-Light.ttf"; sourceTree = "<group>"; fileEncoding = undefined; lastKnownFileType = unknown; explicitFileType = undefined; includeInIndex = 0; };
		A158A1FC6D834010905B717B /* Roboto-LightItalic.ttf */ = {isa = PBXFileReference; name = "Roboto-LightItalic.ttf"; path = "../assets/fonts/Roboto-LightItalic.ttf"; sourceTree = "<group>"; fileEncoding = undefined; lastKnownFileType = unknown; explicitFileType = undefined; includeInIndex = 0; };
		628F6A346087474B93DCEECB /* Roboto-Medium.ttf */ = {isa = PBXFileReference; name = "Roboto-Medium.ttf"; path = "../assets/fonts/Roboto-Medium.ttf"; sourceTree = "<group>"; fileEncoding = undefined; lastKnownFileType = unknown; explicitFileType = undefined; includeInIndex = 0; };
		680C0D64759C40E7AD3CB209 /* Roboto-MediumItalic.ttf */ = {isa = PBXFileReference; name = "Roboto-MediumItalic.ttf"; path = "../assets/fonts/Roboto-MediumItalic.ttf"; sourceTree = "<group>"; fileEncoding = undefined; lastKnownFileType = unknown; explicitFileType = undefined; includeInIndex = 0; };
		E7F2B24C062E401493164B4B /* Roboto-Regular.ttf */ = {isa = PBXFileReference; name = "Roboto-Regular.ttf"; path = "../assets/fonts/Roboto-Regular.ttf"; sourceTree = "<group>"; fileEncoding = undefined; lastKnownFileType = unknown; explicitFileType = undefined; includeInIndex = 0; };
		FFCF600575B647C7B80150C4 /* Roboto-Thin.ttf */ = {isa = PBXFileReference; name = "Roboto-Thin.ttf"; path = "../assets/fonts/Roboto-Thin.ttf"; sourceTree = "<group>"; fileEncoding = undefined; lastKnownFileType = unknown; explicitFileType = undefined; includeInIndex = 0; };
		F441A13C94804F70B71213EF /* Roboto-ThinItalic.ttf */ = {isa = PBXFileReference; name = "Roboto-ThinItalic.ttf"; path = "../assets/fonts/Roboto-ThinItalic.ttf"; sourceTree = "<group>"; fileEncoding = undefined; lastKnownFileType = unknown; explicitFileType = undefined; includeInIndex = 0; };
		E4E627622F294F14B7373569 /* RobotoCondensed-Bold.ttf */ = {isa = PBXFileReference; name = "RobotoCondensed-Bold.ttf"; path = "../assets/fonts/RobotoCondensed-Bold.ttf"; sourceTree = "<group>"; fileEncoding = undefined; lastKnownFileType = unknown; explicitFileType = undefined; includeInIndex = 0; };
		72EDE4AAADC643B0B1C59CAC /* RobotoCondensed-BoldItalic.ttf */ = {isa = PBXFileReference; name = "RobotoCondensed-BoldItalic.ttf"; path = "../assets/fonts/RobotoCondensed-BoldItalic.ttf"; sourceTree = "<group>"; fileEncoding = undefined; lastKnownFileType = unknown; explicitFileType = undefined; includeInIndex = 0; };
		3DC1B19801344D4B8891485C /* RobotoCondensed-Italic.ttf */ = {isa = PBXFileReference; name = "RobotoCondensed-Italic.ttf"; path = "../assets/fonts/RobotoCondensed-Italic.ttf"; sourceTree = "<group>"; fileEncoding = undefined; lastKnownFileType = unknown; explicitFileType = undefined; includeInIndex = 0; };
		31F881D5C54F42CF9E2E428A /* RobotoCondensed-Light.ttf */ = {isa = PBXFileReference; name = "RobotoCondensed-Light.ttf"; path = "../assets/fonts/RobotoCondensed-Light.ttf"; sourceTree = "<group>"; fileEncoding = undefined; lastKnownFileType = unknown; explicitFileType = undefined; includeInIndex = 0; };
		6D3749DD3753425BA48293B3 /* RobotoCondensed-LightItalic.ttf */ = {isa = PBXFileReference; name = "RobotoCondensed-LightItalic.ttf"; path = "../assets/fonts/RobotoCondensed-LightItalic.ttf"; sourceTree = "<group>"; fileEncoding = undefined; lastKnownFileType = unknown; explicitFileType = undefined; includeInIndex = 0; };
		1BE0017629294047A033320D /* RobotoCondensed-Regular.ttf */ = {isa = PBXFileReference; name = "RobotoCondensed-Regular.ttf"; path = "../assets/fonts/RobotoCondensed-Regular.ttf"; sourceTree = "<group>"; fileEncoding = undefined; lastKnownFileType = unknown; explicitFileType = undefined; includeInIndex = 0; };
		C9C93398CF164911AE79B506 /* SFProDisplay-Regular.ttf */ = {isa = PBXFileReference; name = "SFProDisplay-Regular.ttf"; path = "../assets/fonts/SFProDisplay-Regular.ttf"; sourceTree = "<group>"; fileEncoding = undefined; lastKnownFileType = unknown; explicitFileType = undefined; includeInIndex = 0; };
		DDFA401942C4415A813E3C2C /* AntDesign.ttf */ = {isa = PBXFileReference; name = "AntDesign.ttf"; path = "../node_modules/react-native-vector-icons/Fonts/AntDesign.ttf"; sourceTree = "<group>"; fileEncoding = undefined; lastKnownFileType = unknown; explicitFileType = undefined; includeInIndex = 0; };
		7B5773F321F5451986475994 /* Entypo.ttf */ = {isa = PBXFileReference; name = "Entypo.ttf"; path = "../node_modules/react-native-vector-icons/Fonts/Entypo.ttf"; sourceTree = "<group>"; fileEncoding = undefined; lastKnownFileType = unknown; explicitFileType = undefined; includeInIndex = 0; };
		422DC9EE20874AF4B0FB04EE /* EvilIcons.ttf */ = {isa = PBXFileReference; name = "EvilIcons.ttf"; path = "../node_modules/react-native-vector-icons/Fonts/EvilIcons.ttf"; sourceTree = "<group>"; fileEncoding = undefined; lastKnownFileType = unknown; explicitFileType = undefined; includeInIndex = 0; };
		32DCAD0C57504FBDBF297ABD /* Feather.ttf */ = {isa = PBXFileReference; name = "Feather.ttf"; path = "../node_modules/react-native-vector-icons/Fonts/Feather.ttf"; sourceTree = "<group>"; fileEncoding = undefined; lastKnownFileType = unknown; explicitFileType = undefined; includeInIndex = 0; };
		4A11186439E54280BEF2127D /* FontAwesome.ttf */ = {isa = PBXFileReference; name = "FontAwesome.ttf"; path = "../node_modules/react-native-vector-icons/Fonts/FontAwesome.ttf"; sourceTree = "<group>"; fileEncoding = undefined; lastKnownFileType = unknown; explicitFileType = undefined; includeInIndex = 0; };
		4AA4030358FC49519D925B9A /* FontAwesome5_Brands.ttf */ = {isa = PBXFileReference; name = "FontAwesome5_Brands.ttf"; path = "../node_modules/react-native-vector-icons/Fonts/FontAwesome5_Brands.ttf"; sourceTree = "<group>"; fileEncoding = undefined; lastKnownFileType = unknown; explicitFileType = undefined; includeInIndex = 0; };
		0165210FA98144268864445D /* FontAwesome5_Regular.ttf */ = {isa = PBXFileReference; name = "FontAwesome5_Regular.ttf"; path = "../node_modules/react-native-vector-icons/Fonts/FontAwesome5_Regular.ttf"; sourceTree = "<group>"; fileEncoding = undefined; lastKnownFileType = unknown; explicitFileType = undefined; includeInIndex = 0; };
		9B4304AEEB404AA4A5D385CF /* FontAwesome5_Solid.ttf */ = {isa = PBXFileReference; name = "FontAwesome5_Solid.ttf"; path = "../node_modules/react-native-vector-icons/Fonts/FontAwesome5_Solid.ttf"; sourceTree = "<group>"; fileEncoding = undefined; lastKnownFileType = unknown; explicitFileType = undefined; includeInIndex = 0; };
		35F89B5AC70341F3B93792C4 /* Fontisto.ttf */ = {isa = PBXFileReference; name = "Fontisto.ttf"; path = "../node_modules/react-native-vector-icons/Fonts/Fontisto.ttf"; sourceTree = "<group>"; fileEncoding = undefined; lastKnownFileType = unknown; explicitFileType = undefined; includeInIndex = 0; };
		EC1300139A7D4F6AA79868A4 /* Foundation.ttf */ = {isa = PBXFileReference; name = "Foundation.ttf"; path = "../node_modules/react-native-vector-icons/Fonts/Foundation.ttf"; sourceTree = "<group>"; fileEncoding = undefined; lastKnownFileType = unknown; explicitFileType = undefined; includeInIndex = 0; };
		C6E26A2E96D44303B4769911 /* Ionicons.ttf */ = {isa = PBXFileReference; name = "Ionicons.ttf"; path = "../node_modules/react-native-vector-icons/Fonts/Ionicons.ttf"; sourceTree = "<group>"; fileEncoding = undefined; lastKnownFileType = unknown; explicitFileType = undefined; includeInIndex = 0; };
		73B4819C68EB472CA31A3EE4 /* MaterialCommunityIcons.ttf */ = {isa = PBXFileReference; name = "MaterialCommunityIcons.ttf"; path = "../node_modules/react-native-vector-icons/Fonts/MaterialCommunityIcons.ttf"; sourceTree = "<group>"; fileEncoding = undefined; lastKnownFileType = unknown; explicitFileType = undefined; includeInIndex = 0; };
		5FCF32DD6F4D4A079D0559FB /* MaterialIcons.ttf */ = {isa = PBXFileReference; name = "MaterialIcons.ttf"; path = "../node_modules/react-native-vector-icons/Fonts/MaterialIcons.ttf"; sourceTree = "<group>"; fileEncoding = undefined; lastKnownFileType = unknown; explicitFileType = undefined; includeInIndex = 0; };
		21C9348ED109463BA2C77CF0 /* Octicons.ttf */ = {isa = PBXFileReference; name = "Octicons.ttf"; path = "../node_modules/react-native-vector-icons/Fonts/Octicons.ttf"; sourceTree = "<group>"; fileEncoding = undefined; lastKnownFileType = unknown; explicitFileType = undefined; includeInIndex = 0; };
		3E832710070F4D14AC9C10A4 /* SimpleLineIcons.ttf */ = {isa = PBXFileReference; name = "SimpleLineIcons.ttf"; path = "../node_modules/react-native-vector-icons/Fonts/SimpleLineIcons.ttf"; sourceTree = "<group>"; fileEncoding = undefined; lastKnownFileType = unknown; explicitFileType = undefined; includeInIndex = 0; };
		DDB0CBBF41D446FE9139FC91 /* Zocial.ttf */ = {isa = PBXFileReference; name = "Zocial.ttf"; path = "../node_modules/react-native-vector-icons/Fonts/Zocial.ttf"; sourceTree = "<group>"; fileEncoding = undefined; lastKnownFileType = unknown; explicitFileType = undefined; includeInIndex = 0; };
		767EFB5733704B42BB264BF1 /* test.otf */ = {isa = PBXFileReference; name = "test.otf"; path = "../assets/fonts/test.otf"; sourceTree = "<group>"; fileEncoding = undefined; lastKnownFileType = unknown; explicitFileType = undefined; includeInIndex = 0; };
		68DED03290CA4E1C9B6DF543 /* testBold.otf */ = {isa = PBXFileReference; name = "testBold.otf"; path = "../assets/fonts/testBold.otf"; sourceTree = "<group>"; fileEncoding = undefined; lastKnownFileType = unknown; explicitFileType = undefined; includeInIndex = 0; };
/* End PBXFileReference section */

/* Begin PBXFrameworksBuildPhase section */
		00E356EB1AD99517003FC87E /* Frameworks */ = {
			isa = PBXFrameworksBuildPhase;
			buildActionMask = 2147483647;
			files = (
			);
			runOnlyForDeploymentPostprocessing = 0;
		};
		13B07F8C1A680F5B00A75B9A /* Frameworks */ = {
			isa = PBXFrameworksBuildPhase;
			buildActionMask = 2147483647;
			files = (
			);
			runOnlyForDeploymentPostprocessing = 0;
		};
/* End PBXFrameworksBuildPhase section */

/* Begin PBXGroup section */
		00E356EF1AD99517003FC87E /* taxiappTests */ = {
			isa = PBXGroup;
			children = (
				00E356F21AD99517003FC87E /* taxiappTests.m */,
				00E356F01AD99517003FC87E /* Supporting Files */,
			);
			path = taxiappTests;
			sourceTree = "<group>";
		};
		00E356F01AD99517003FC87E /* Supporting Files */ = {
			isa = PBXGroup;
			children = (
				00E356F11AD99517003FC87E /* Info.plist */,
			);
			name = "Supporting Files";
			sourceTree = "<group>";
		};
		13B07FAE1A68108700A75B9A /* taxiapp */ = {
			isa = PBXGroup;
			children = (
				13B07FAF1A68108700A75B9A /* AppDelegate.h */,
				13B07FB01A68108700A75B9A /* AppDelegate.m */,
				13B07FB51A68108700A75B9A /* Images.xcassets */,
				13B07FB61A68108700A75B9A /* Info.plist */,
				81AB9BB72411601600AC10FF /* LaunchScreen.storyboard */,
				13B07FB71A68108700A75B9A /* main.m */,
			);
			name = taxiapp;
			sourceTree = "<group>";
		};
		2D16E6871FA4F8E400B85C8A /* Frameworks */ = {
			isa = PBXGroup;
			children = (
				ED297162215061F000B7C4FE /* JavaScriptCore.framework */,
			);
			name = Frameworks;
			sourceTree = "<group>";
		};
		832341AE1AAA6A7D00B99B32 /* Libraries */ = {
			isa = PBXGroup;
			children = (
			);
			name = Libraries;
			sourceTree = "<group>";
		};
		83CBB9F61A601CBA00E9B192 = {
			isa = PBXGroup;
			children = (
				13B07FAE1A68108700A75B9A /* taxiapp */,
				832341AE1AAA6A7D00B99B32 /* Libraries */,
				00E356EF1AD99517003FC87E /* taxiappTests */,
				83CBBA001A601CBA00E9B192 /* Products */,
				2D16E6871FA4F8E400B85C8A /* Frameworks */,
				53C5620DDFA94692BA367E44 /* Resources */,
			);
			indentWidth = 2;
			sourceTree = "<group>";
			tabWidth = 2;
			usesTabs = 0;
		};
		83CBBA001A601CBA00E9B192 /* Products */ = {
			isa = PBXGroup;
			children = (
				13B07F961A680F5B00A75B9A /* taxiapp.app */,
				00E356EE1AD99517003FC87E /* taxiappTests.xctest */,
			);
			name = Products;
			sourceTree = "<group>";
		};
		53C5620DDFA94692BA367E44 /* Resources */ = {
			isa = "PBXGroup";
			children = (
				4B61510DDEDF448D92A6FFEC /* Roboto-Black.ttf */,
				B7538A026D0946C5A08B2176 /* Roboto-BlackItalic.ttf */,
				CBF795E4A54846B0968AD366 /* Roboto-Bold.ttf */,
				41DBF02B512947199F7CAE49 /* Roboto-BoldItalic.ttf */,
				5D9FECCA422D4E87AB92579A /* Roboto-Italic.ttf */,
				C56A2F06E2C14FF3825B2664 /* Roboto-Light.ttf */,
				A158A1FC6D834010905B717B /* Roboto-LightItalic.ttf */,
				628F6A346087474B93DCEECB /* Roboto-Medium.ttf */,
				680C0D64759C40E7AD3CB209 /* Roboto-MediumItalic.ttf */,
				E7F2B24C062E401493164B4B /* Roboto-Regular.ttf */,
				FFCF600575B647C7B80150C4 /* Roboto-Thin.ttf */,
				F441A13C94804F70B71213EF /* Roboto-ThinItalic.ttf */,
				E4E627622F294F14B7373569 /* RobotoCondensed-Bold.ttf */,
				72EDE4AAADC643B0B1C59CAC /* RobotoCondensed-BoldItalic.ttf */,
				3DC1B19801344D4B8891485C /* RobotoCondensed-Italic.ttf */,
				31F881D5C54F42CF9E2E428A /* RobotoCondensed-Light.ttf */,
				6D3749DD3753425BA48293B3 /* RobotoCondensed-LightItalic.ttf */,
				1BE0017629294047A033320D /* RobotoCondensed-Regular.ttf */,
				C9C93398CF164911AE79B506 /* SFProDisplay-Regular.ttf */,
				DDFA401942C4415A813E3C2C /* AntDesign.ttf */,
				7B5773F321F5451986475994 /* Entypo.ttf */,
				422DC9EE20874AF4B0FB04EE /* EvilIcons.ttf */,
				32DCAD0C57504FBDBF297ABD /* Feather.ttf */,
				4A11186439E54280BEF2127D /* FontAwesome.ttf */,
				4AA4030358FC49519D925B9A /* FontAwesome5_Brands.ttf */,
				0165210FA98144268864445D /* FontAwesome5_Regular.ttf */,
				9B4304AEEB404AA4A5D385CF /* FontAwesome5_Solid.ttf */,
				35F89B5AC70341F3B93792C4 /* Fontisto.ttf */,
				EC1300139A7D4F6AA79868A4 /* Foundation.ttf */,
				C6E26A2E96D44303B4769911 /* Ionicons.ttf */,
				73B4819C68EB472CA31A3EE4 /* MaterialCommunityIcons.ttf */,
				5FCF32DD6F4D4A079D0559FB /* MaterialIcons.ttf */,
				21C9348ED109463BA2C77CF0 /* Octicons.ttf */,
				3E832710070F4D14AC9C10A4 /* SimpleLineIcons.ttf */,
				DDB0CBBF41D446FE9139FC91 /* Zocial.ttf */,
				767EFB5733704B42BB264BF1 /* test.otf */,
				68DED03290CA4E1C9B6DF543 /* testBold.otf */,
			);
			name = Resources;
			sourceTree = "<group>";
			path = "";
		};
/* End PBXGroup section */

/* Begin PBXNativeTarget section */
		00E356ED1AD99517003FC87E /* taxiappTests */ = {
			isa = PBXNativeTarget;
			buildConfigurationList = 00E357021AD99517003FC87E /* Build configuration list for PBXNativeTarget "taxiappTests" */;
			buildPhases = (
				00E356EA1AD99517003FC87E /* Sources */,
				00E356EB1AD99517003FC87E /* Frameworks */,
				00E356EC1AD99517003FC87E /* Resources */,
			);
			buildRules = (
			);
			dependencies = (
				00E356F51AD99517003FC87E /* PBXTargetDependency */,
			);
			name = taxiappTests;
			productName = taxiappTests;
			productReference = 00E356EE1AD99517003FC87E /* taxiappTests.xctest */;
			productType = "com.apple.product-type.bundle.unit-test";
		};
		13B07F861A680F5B00A75B9A /* taxiapp */ = {
			isa = PBXNativeTarget;
			buildConfigurationList = 13B07F931A680F5B00A75B9A /* Build configuration list for PBXNativeTarget "taxiapp" */;
			buildPhases = (
				FD10A7F022414F080027D42C /* Start Packager */,
				13B07F871A680F5B00A75B9A /* Sources */,
				13B07F8C1A680F5B00A75B9A /* Frameworks */,
				13B07F8E1A680F5B00A75B9A /* Resources */,
				00DD1BFF1BD5951E006B06BC /* Bundle React Native code and images */,
			);
			buildRules = (
			);
			dependencies = (
			);
			name = taxiapp;
			productName = taxiapp;
			productReference = 13B07F961A680F5B00A75B9A /* taxiapp.app */;
			productType = "com.apple.product-type.application";
		};
/* End PBXNativeTarget section */

/* Begin PBXProject section */
		83CBB9F71A601CBA00E9B192 /* Project object */ = {
			isa = PBXProject;
			attributes = {
				LastUpgradeCheck = 1210;
				TargetAttributes = {
					00E356ED1AD99517003FC87E = {
						CreatedOnToolsVersion = 6.2;
						TestTargetID = 13B07F861A680F5B00A75B9A;
					};
					13B07F861A680F5B00A75B9A = {
						LastSwiftMigration = 1120;
					};
				};
			};
			buildConfigurationList = 83CBB9FA1A601CBA00E9B192 /* Build configuration list for PBXProject "taxiapp" */;
			compatibilityVersion = "Xcode 12.0";
			developmentRegion = en;
			hasScannedForEncodings = 0;
			knownRegions = (
				en,
				Base,
			);
			mainGroup = 83CBB9F61A601CBA00E9B192;
			productRefGroup = 83CBBA001A601CBA00E9B192 /* Products */;
			projectDirPath = "";
			projectRoot = "";
			targets = (
				13B07F861A680F5B00A75B9A /* taxiapp */,
				00E356ED1AD99517003FC87E /* taxiappTests */,
			);
		};
/* End PBXProject section */

/* Begin PBXResourcesBuildPhase section */
		00E356EC1AD99517003FC87E /* Resources */ = {
			isa = PBXResourcesBuildPhase;
			buildActionMask = 2147483647;
			files = (
			);
			runOnlyForDeploymentPostprocessing = 0;
		};
		13B07F8E1A680F5B00A75B9A /* Resources */ = {
			isa = PBXResourcesBuildPhase;
			buildActionMask = 2147483647;
			files = (
				81AB9BB82411601600AC10FF /* LaunchScreen.storyboard in Resources */,
				13B07FBF1A68108700A75B9A /* Images.xcassets in Resources */,
				2395A5DBF3A3460AA729DA73 /* Roboto-Black.ttf in Resources */,
				52B55F117C834D258214E5A0 /* Roboto-BlackItalic.ttf in Resources */,
				E5B7C788FA8945C7A8290B67 /* Roboto-Bold.ttf in Resources */,
				CBDF99F9E80A4CE28C6EF241 /* Roboto-BoldItalic.ttf in Resources */,
				F0360CFA426C459BB7378431 /* Roboto-Italic.ttf in Resources */,
				8448D3247CB843429517665B /* Roboto-Light.ttf in Resources */,
				D991EDDB4C224B969FBF2FE0 /* Roboto-LightItalic.ttf in Resources */,
				8B7FC38806714DFA9CECAA71 /* Roboto-Medium.ttf in Resources */,
				EBAF62AA21D6433CABB6F5DE /* Roboto-MediumItalic.ttf in Resources */,
				D1CB61CF6EFE43D8968F39D1 /* Roboto-Regular.ttf in Resources */,
				29B053D5B4194363853E8ACA /* Roboto-Thin.ttf in Resources */,
				3667FE28EACC476B8208E7BA /* Roboto-ThinItalic.ttf in Resources */,
				E2A893EFD1E14AC4A7B313C2 /* RobotoCondensed-Bold.ttf in Resources */,
				73A6FFE85F1E44EDA1BDFD32 /* RobotoCondensed-BoldItalic.ttf in Resources */,
				91D3D95CB9B94404B3305BC1 /* RobotoCondensed-Italic.ttf in Resources */,
				0D92EC48474B44E6875A131F /* RobotoCondensed-Light.ttf in Resources */,
				3FFBF4D7437549ABB61F5D32 /* RobotoCondensed-LightItalic.ttf in Resources */,
				7EED591E93084C4D9D27408F /* RobotoCondensed-Regular.ttf in Resources */,
				375E0DC1394D4A44AB2AB2D3 /* SFProDisplay-Regular.ttf in Resources */,
				F0EDD2039C604E1EBC5DFBC6 /* AntDesign.ttf in Resources */,
				F54D41CAC3134D93ADA02AB7 /* Entypo.ttf in Resources */,
				A232749B097043EF8C6BAEAA /* EvilIcons.ttf in Resources */,
				0D732EFE17E546D89B543344 /* Feather.ttf in Resources */,
				A6AA98AE5B77431F8FDAAFB1 /* FontAwesome.ttf in Resources */,
				181DC50A93F94766A5DD699E /* FontAwesome5_Brands.ttf in Resources */,
				E9DB16109508447CA8E5E79C /* FontAwesome5_Regular.ttf in Resources */,
				F3E9E6B7ABE64A46934E6EED /* FontAwesome5_Solid.ttf in Resources */,
				92179B4B182F4B779CDFBB83 /* Fontisto.ttf in Resources */,
				BED63607488B4C3881850DE3 /* Foundation.ttf in Resources */,
				70941F4E0A2646DAB08F3C43 /* Ionicons.ttf in Resources */,
				D328203B3F9D40A69988DB81 /* MaterialCommunityIcons.ttf in Resources */,
				81091ACD279441B3BBD7B5C8 /* MaterialIcons.ttf in Resources */,
				56D26DF53CE74A98B4CB61B5 /* Octicons.ttf in Resources */,
				FA80AADA2CE1433697351359 /* SimpleLineIcons.ttf in Resources */,
				85AC7E094F4341F2803EF430 /* Zocial.ttf in Resources */,
				5913D87144414205B0C7828A /* test.otf in Resources */,
				FD48382BD31149B6873D895C /* testBold.otf in Resources */,
			);
			runOnlyForDeploymentPostprocessing = 0;
		};
/* End PBXResourcesBuildPhase section */

/* Begin PBXShellScriptBuildPhase section */
		00DD1BFF1BD5951E006B06BC /* Bundle React Native code and images */ = {
			isa = PBXShellScriptBuildPhase;
			buildActionMask = 2147483647;
			files = (
			);
			inputPaths = (
			);
			name = "Bundle React Native code and images";
			outputPaths = (
			);
			runOnlyForDeploymentPostprocessing = 0;
			shellPath = /bin/sh;
			shellScript = "set -e\n\nexport NODE_BINARY=node\n../node_modules/react-native/scripts/react-native-xcode.sh\n";
		};
		FD10A7F022414F080027D42C /* Start Packager */ = {
			isa = PBXShellScriptBuildPhase;
			buildActionMask = 2147483647;
			files = (
			);
			inputFileListPaths = (
			);
			inputPaths = (
			);
			name = "Start Packager";
			outputFileListPaths = (
			);
			outputPaths = (
			);
			runOnlyForDeploymentPostprocessing = 0;
			shellPath = /bin/sh;
			shellScript = "export RCT_METRO_PORT=\"${RCT_METRO_PORT:=8081}\"\necho \"export RCT_METRO_PORT=${RCT_METRO_PORT}\" > \"${SRCROOT}/../node_modules/react-native/scripts/.packager.env\"\nif [ -z \"${RCT_NO_LAUNCH_PACKAGER+xxx}\" ] ; then\n  if nc -w 5 -z localhost ${RCT_METRO_PORT} ; then\n    if ! curl -s \"http://localhost:${RCT_METRO_PORT}/status\" | grep -q \"packager-status:running\" ; then\n      echo \"Port ${RCT_METRO_PORT} already in use, packager is either not running or not running correctly\"\n      exit 2\n    fi\n  else\n    open \"$SRCROOT/../node_modules/react-native/scripts/launchPackager.command\" || echo \"Can't start packager automatically\"\n  fi\nfi\n";
			showEnvVarsInLog = 0;
		};
/* End PBXShellScriptBuildPhase section */

/* Begin PBXSourcesBuildPhase section */
		00E356EA1AD99517003FC87E /* Sources */ = {
			isa = PBXSourcesBuildPhase;
			buildActionMask = 2147483647;
			files = (
				00E356F31AD99517003FC87E /* taxiappTests.m in Sources */,
			);
			runOnlyForDeploymentPostprocessing = 0;
		};
		13B07F871A680F5B00A75B9A /* Sources */ = {
			isa = PBXSourcesBuildPhase;
			buildActionMask = 2147483647;
			files = (
				13B07FBC1A68108700A75B9A /* AppDelegate.m in Sources */,
				13B07FC11A68108700A75B9A /* main.m in Sources */,
			);
			runOnlyForDeploymentPostprocessing = 0;
		};
/* End PBXSourcesBuildPhase section */

/* Begin PBXTargetDependency section */
		00E356F51AD99517003FC87E /* PBXTargetDependency */ = {
			isa = PBXTargetDependency;
			target = 13B07F861A680F5B00A75B9A /* taxiapp */;
			targetProxy = 00E356F41AD99517003FC87E /* PBXContainerItemProxy */;
		};
/* End PBXTargetDependency section */

/* Begin XCBuildConfiguration section */
		00E356F61AD99517003FC87E /* Debug */ = {
			isa = XCBuildConfiguration;
			buildSettings = {
				BUNDLE_LOADER = "$(TEST_HOST)";
				GCC_PREPROCESSOR_DEFINITIONS = (
					"DEBUG=1",
					"$(inherited)",
				);
				INFOPLIST_FILE = taxiappTests/Info.plist;
				IPHONEOS_DEPLOYMENT_TARGET = 10.0;
				LD_RUNPATH_SEARCH_PATHS = (
					"$(inherited)",
					"@executable_path/Frameworks",
					"@loader_path/Frameworks",
				);
				OTHER_LDFLAGS = (
					"-ObjC",
					"-lc++",
					"$(inherited)",
				);
				PRODUCT_BUNDLE_IDENTIFIER = "org.reactjs.native.example.$(PRODUCT_NAME:rfc1034identifier)";
				PRODUCT_NAME = "$(TARGET_NAME)";
				TEST_HOST = "$(BUILT_PRODUCTS_DIR)/taxiapp.app/taxiapp";
			};
			name = Debug;
		};
		00E356F71AD99517003FC87E /* Release */ = {
			isa = XCBuildConfiguration;
			buildSettings = {
				BUNDLE_LOADER = "$(TEST_HOST)";
				COPY_PHASE_STRIP = NO;
				INFOPLIST_FILE = taxiappTests/Info.plist;
				IPHONEOS_DEPLOYMENT_TARGET = 10.0;
				LD_RUNPATH_SEARCH_PATHS = (
					"$(inherited)",
					"@executable_path/Frameworks",
					"@loader_path/Frameworks",
				);
				OTHER_LDFLAGS = (
					"-ObjC",
					"-lc++",
					"$(inherited)",
				);
				PRODUCT_BUNDLE_IDENTIFIER = "org.reactjs.native.example.$(PRODUCT_NAME:rfc1034identifier)";
				PRODUCT_NAME = "$(TARGET_NAME)";
				TEST_HOST = "$(BUILT_PRODUCTS_DIR)/taxiapp.app/taxiapp";
			};
			name = Release;
		};
		13B07F941A680F5B00A75B9A /* Debug */ = {
			isa = XCBuildConfiguration;
			buildSettings = {
				ASSETCATALOG_COMPILER_APPICON_NAME = AppIcon;
				CLANG_ENABLE_MODULES = YES;
				CURRENT_PROJECT_VERSION = 1;
				ENABLE_BITCODE = NO;
				INFOPLIST_FILE = taxiapp/Info.plist;
				LD_RUNPATH_SEARCH_PATHS = (
					"$(inherited)",
					"@executable_path/Frameworks",
				);
				OTHER_LDFLAGS = (
					"$(inherited)",
					"-ObjC",
					"-lc++",
				);
				PRODUCT_BUNDLE_IDENTIFIER = "org.reactjs.native.example.$(PRODUCT_NAME:rfc1034identifier)";
				PRODUCT_NAME = taxiapp;
				SWIFT_OPTIMIZATION_LEVEL = "-Onone";
				SWIFT_VERSION = 5.0;
				VERSIONING_SYSTEM = "apple-generic";
			};
			name = Debug;
		};
		13B07F951A680F5B00A75B9A /* Release */ = {
			isa = XCBuildConfiguration;
			buildSettings = {
				ASSETCATALOG_COMPILER_APPICON_NAME = AppIcon;
				CLANG_ENABLE_MODULES = YES;
				CURRENT_PROJECT_VERSION = 1;
				INFOPLIST_FILE = taxiapp/Info.plist;
				LD_RUNPATH_SEARCH_PATHS = (
					"$(inherited)",
					"@executable_path/Frameworks",
				);
				OTHER_LDFLAGS = (
					"$(inherited)",
					"-ObjC",
					"-lc++",
				);
				PRODUCT_BUNDLE_IDENTIFIER = "org.reactjs.native.example.$(PRODUCT_NAME:rfc1034identifier)";
				PRODUCT_NAME = taxiapp;
				SWIFT_VERSION = 5.0;
				VERSIONING_SYSTEM = "apple-generic";
			};
			name = Release;
		};
		83CBBA201A601CBA00E9B192 /* Debug */ = {
			isa = XCBuildConfiguration;
			buildSettings = {
				ALWAYS_SEARCH_USER_PATHS = NO;
				CLANG_ANALYZER_LOCALIZABILITY_NONLOCALIZED = YES;
				CLANG_CXX_LANGUAGE_STANDARD = "gnu++0x";
				CLANG_CXX_LIBRARY = "libc++";
				CLANG_ENABLE_MODULES = YES;
				CLANG_ENABLE_OBJC_ARC = YES;
				CLANG_WARN_BLOCK_CAPTURE_AUTORELEASING = YES;
				CLANG_WARN_BOOL_CONVERSION = YES;
				CLANG_WARN_COMMA = YES;
				CLANG_WARN_CONSTANT_CONVERSION = YES;
				CLANG_WARN_DEPRECATED_OBJC_IMPLEMENTATIONS = YES;
				CLANG_WARN_DIRECT_OBJC_ISA_USAGE = YES_ERROR;
				CLANG_WARN_EMPTY_BODY = YES;
				CLANG_WARN_ENUM_CONVERSION = YES;
				CLANG_WARN_INFINITE_RECURSION = YES;
				CLANG_WARN_INT_CONVERSION = YES;
				CLANG_WARN_NON_LITERAL_NULL_CONVERSION = YES;
				CLANG_WARN_OBJC_IMPLICIT_RETAIN_SELF = YES;
				CLANG_WARN_OBJC_LITERAL_CONVERSION = YES;
				CLANG_WARN_OBJC_ROOT_CLASS = YES_ERROR;
				CLANG_WARN_QUOTED_INCLUDE_IN_FRAMEWORK_HEADER = YES;
				CLANG_WARN_RANGE_LOOP_ANALYSIS = YES;
				CLANG_WARN_STRICT_PROTOTYPES = YES;
				CLANG_WARN_SUSPICIOUS_MOVE = YES;
				CLANG_WARN_UNREACHABLE_CODE = YES;
				CLANG_WARN__DUPLICATE_METHOD_MATCH = YES;
				"CODE_SIGN_IDENTITY[sdk=iphoneos*]" = "iPhone Developer";
				COPY_PHASE_STRIP = NO;
				ENABLE_STRICT_OBJC_MSGSEND = YES;
				ENABLE_TESTABILITY = YES;
				GCC_C_LANGUAGE_STANDARD = gnu99;
				GCC_DYNAMIC_NO_PIC = NO;
				GCC_NO_COMMON_BLOCKS = YES;
				GCC_OPTIMIZATION_LEVEL = 0;
				GCC_PREPROCESSOR_DEFINITIONS = (
					"DEBUG=1",
					"$(inherited)",
				);
				GCC_SYMBOLS_PRIVATE_EXTERN = NO;
				GCC_WARN_64_TO_32_BIT_CONVERSION = YES;
				GCC_WARN_ABOUT_RETURN_TYPE = YES_ERROR;
				GCC_WARN_UNDECLARED_SELECTOR = YES;
				GCC_WARN_UNINITIALIZED_AUTOS = YES_AGGRESSIVE;
				GCC_WARN_UNUSED_FUNCTION = YES;
				GCC_WARN_UNUSED_VARIABLE = YES;
				IPHONEOS_DEPLOYMENT_TARGET = 10.0;
				LD_RUNPATH_SEARCH_PATHS = (
					/usr/lib/swift,
					"$(inherited)",
				);
				LIBRARY_SEARCH_PATHS = (
					"\"$(TOOLCHAIN_DIR)/usr/lib/swift/$(PLATFORM_NAME)\"",
					"\"$(TOOLCHAIN_DIR)/usr/lib/swift-5.0/$(PLATFORM_NAME)\"",
					"\"$(inherited)\"",
				);
				MTL_ENABLE_DEBUG_INFO = YES;
				ONLY_ACTIVE_ARCH = YES;
				SDKROOT = iphoneos;
			};
			name = Debug;
		};
		83CBBA211A601CBA00E9B192 /* Release */ = {
			isa = XCBuildConfiguration;
			buildSettings = {
				ALWAYS_SEARCH_USER_PATHS = NO;
				CLANG_ANALYZER_LOCALIZABILITY_NONLOCALIZED = YES;
				CLANG_CXX_LANGUAGE_STANDARD = "gnu++0x";
				CLANG_CXX_LIBRARY = "libc++";
				CLANG_ENABLE_MODULES = YES;
				CLANG_ENABLE_OBJC_ARC = YES;
				CLANG_WARN_BLOCK_CAPTURE_AUTORELEASING = YES;
				CLANG_WARN_BOOL_CONVERSION = YES;
				CLANG_WARN_COMMA = YES;
				CLANG_WARN_CONSTANT_CONVERSION = YES;
				CLANG_WARN_DEPRECATED_OBJC_IMPLEMENTATIONS = YES;
				CLANG_WARN_DIRECT_OBJC_ISA_USAGE = YES_ERROR;
				CLANG_WARN_EMPTY_BODY = YES;
				CLANG_WARN_ENUM_CONVERSION = YES;
				CLANG_WARN_INFINITE_RECURSION = YES;
				CLANG_WARN_INT_CONVERSION = YES;
				CLANG_WARN_NON_LITERAL_NULL_CONVERSION = YES;
				CLANG_WARN_OBJC_IMPLICIT_RETAIN_SELF = YES;
				CLANG_WARN_OBJC_LITERAL_CONVERSION = YES;
				CLANG_WARN_OBJC_ROOT_CLASS = YES_ERROR;
				CLANG_WARN_QUOTED_INCLUDE_IN_FRAMEWORK_HEADER = YES;
				CLANG_WARN_RANGE_LOOP_ANALYSIS = YES;
				CLANG_WARN_STRICT_PROTOTYPES = YES;
				CLANG_WARN_SUSPICIOUS_MOVE = YES;
				CLANG_WARN_UNREACHABLE_CODE = YES;
				CLANG_WARN__DUPLICATE_METHOD_MATCH = YES;
				"CODE_SIGN_IDENTITY[sdk=iphoneos*]" = "iPhone Developer";
				COPY_PHASE_STRIP = YES;
				ENABLE_NS_ASSERTIONS = NO;
				ENABLE_STRICT_OBJC_MSGSEND = YES;
				GCC_C_LANGUAGE_STANDARD = gnu99;
				GCC_NO_COMMON_BLOCKS = YES;
				GCC_WARN_64_TO_32_BIT_CONVERSION = YES;
				GCC_WARN_ABOUT_RETURN_TYPE = YES_ERROR;
				GCC_WARN_UNDECLARED_SELECTOR = YES;
				GCC_WARN_UNINITIALIZED_AUTOS = YES_AGGRESSIVE;
				GCC_WARN_UNUSED_FUNCTION = YES;
				GCC_WARN_UNUSED_VARIABLE = YES;
				IPHONEOS_DEPLOYMENT_TARGET = 10.0;
				LD_RUNPATH_SEARCH_PATHS = (
					/usr/lib/swift,
					"$(inherited)",
				);
				LIBRARY_SEARCH_PATHS = (
					"\"$(TOOLCHAIN_DIR)/usr/lib/swift/$(PLATFORM_NAME)\"",
					"\"$(TOOLCHAIN_DIR)/usr/lib/swift-5.0/$(PLATFORM_NAME)\"",
					"\"$(inherited)\"",
				);
				MTL_ENABLE_DEBUG_INFO = NO;
				SDKROOT = iphoneos;
				VALIDATE_PRODUCT = YES;
			};
			name = Release;
		};
/* End XCBuildConfiguration section */

/* Begin XCConfigurationList section */
		00E357021AD99517003FC87E /* Build configuration list for PBXNativeTarget "taxiappTests" */ = {
			isa = XCConfigurationList;
			buildConfigurations = (
				00E356F61AD99517003FC87E /* Debug */,
				00E356F71AD99517003FC87E /* Release */,
			);
			defaultConfigurationIsVisible = 0;
			defaultConfigurationName = Release;
		};
		13B07F931A680F5B00A75B9A /* Build configuration list for PBXNativeTarget "taxiapp" */ = {
			isa = XCConfigurationList;
			buildConfigurations = (
				13B07F941A680F5B00A75B9A /* Debug */,
				13B07F951A680F5B00A75B9A /* Release */,
			);
			defaultConfigurationIsVisible = 0;
			defaultConfigurationName = Release;
		};
		83CBB9FA1A601CBA00E9B192 /* Build configuration list for PBXProject "taxiapp" */ = {
			isa = XCConfigurationList;
			buildConfigurations = (
				83CBBA201A601CBA00E9B192 /* Debug */,
				83CBBA211A601CBA00E9B192 /* Release */,
			);
			defaultConfigurationIsVisible = 0;
			defaultConfigurationName = Release;
		};
/* End XCConfigurationList section */
	};
	rootObject = 83CBB9F71A601CBA00E9B192 /* Project object */;
}
